
Microsoft Visual Studio Solution File, Format Version 12.00
# Visual Studio Version 17
VisualStudioVersion = 17.8.34330.188
MinimumVisualStudioVersion = 10.0.40219.1
Project("{FAE04EC0-301F-11D3-BF4B-00C04F79EFBC}") = "CrudAppModalPopUp", "CrudAppModalPopUp.csproj", "{099CE977-EC9E-4D92-8FF7-D283949CA70B}"
EndProject
Global
	GlobalSection(SolutionConfigurationPlatforms) = preSolution
		Debug|Any CPU = Debug|Any CPU
		Release|Any CPU = Release|Any CPU
	EndGlobalSection
	GlobalSection(ProjectConfigurationPlatforms) = postSolution
		{099CE977-EC9E-4D92-8FF7-D283949CA70B}.Debug|Any CPU.ActiveCfg = Debug|Any CPU
		{099CE977-EC9E-4D92-8FF7-D283949CA70B}.Debug|Any CPU.Build.0 = Debug|Any CPU
		{099CE977-EC9E-4D92-8FF7-D283949CA70B}.Release|Any CPU.ActiveCfg = Release|Any CPU
		{099CE977-EC9E-4D92-8FF7-D283949CA70B}.Release|Any CPU.Build.0 = Release|Any CPU
	EndGlobalSection
	GlobalSection(SolutionProperties) = preSolution
		HideSolutionNode = FALSE
	EndGlobalSection
	GlobalSection(ExtensibilityGlobals) = postSolution
		SolutionGuid = {4CA75F65-136E-4C33-B33F-572959EAC0FD}
	EndGlobalSection
EndGlobal
